
Microsoft Visual Studio Solution File, Format Version 12.00
# Visual Studio Version 17
VisualStudioVersion = 17.11.35312.102
MinimumVisualStudioVersion = 10.0.40219.1
Project("{FAE04EC0-301F-11D3-BF4B-00C04F79EFBC}") = "AutomobilePartsManagement", "AutomobilePartsManagement\AutomobilePartsManagement.csproj", "{A5D5AC3F-BC2C-4D2D-8D67-2FE2B186AEC7}"
EndProject
Global
	GlobalSection(SolutionConfigurationPlatforms) = preSolution
		Debug|Any CPU = Debug|Any CPU
		Release|Any CPU = Release|Any CPU
	EndGlobalSection
	GlobalSection(ProjectConfigurationPlatforms) = postSolution
		{A5D5AC3F-BC2C-4D2D-8D67-2FE2B186AEC7}.Debug|Any CPU.ActiveCfg = Debug|Any CPU
		{A5D5AC3F-BC2C-4D2D-8D67-2FE2B186AEC7}.Debug|Any CPU.Build.0 = Debug|Any CPU
		{A5D5AC3F-BC2C-4D2D-8D67-2FE2B186AEC7}.Release|Any CPU.ActiveCfg = Release|Any CPU
		{A5D5AC3F-BC2C-4D2D-8D67-2FE2B186AEC7}.Release|Any CPU.Build.0 = Release|Any CPU
	EndGlobalSection
	GlobalSection(SolutionProperties) = preSolution
		HideSolutionNode = FALSE
	EndGlobalSection
	GlobalSection(ExtensibilityGlobals) = postSolution
		SolutionGuid = {8A01ED26-DAD4-4528-B434-5033DA7646B1}
	EndGlobalSection
EndGlobal
